
Microsoft Visual Studio Solution File, Format Version 12.00
# Visual Studio Version 17
VisualStudioVersion = 17.1.32421.90
MinimumVisualStudioVersion = 10.0.40219.1
Project("{9A19103F-16F7-4668-BE54-9A1E7A4F7556}") = "SingletonPattern", "SingletonPattern\SingletonPattern.csproj", "{F9EDA4DD-3E7B-44AF-8395-6A12B47DC223}"
EndProject
Project("{FAE04EC0-301F-11D3-BF4B-00C04F79EFBC}") = "AbstractFactoryPattern", "AbstractFactoryPattern\AbstractFactoryPattern.csproj", "{62221D7D-BA55-4B0B-AF46-EE40219E3278}"
EndProject
Global
	GlobalSection(SolutionConfigurationPlatforms) = preSolution
		Debug|Any CPU = Debug|Any CPU
		Release|Any CPU = Release|Any CPU
	EndGlobalSection
	GlobalSection(ProjectConfigurationPlatforms) = postSolution
		{F9EDA4DD-3E7B-44AF-8395-6A12B47DC223}.Debug|Any CPU.ActiveCfg = Debug|Any CPU
		{F9EDA4DD-3E7B-44AF-8395-6A12B47DC223}.Debug|Any CPU.Build.0 = Debug|Any CPU
		{F9EDA4DD-3E7B-44AF-8395-6A12B47DC223}.Release|Any CPU.ActiveCfg = Release|Any CPU
		{F9EDA4DD-3E7B-44AF-8395-6A12B47DC223}.Release|Any CPU.Build.0 = Release|Any CPU
		{62221D7D-BA55-4B0B-AF46-EE40219E3278}.Debug|Any CPU.ActiveCfg = Debug|Any CPU
		{62221D7D-BA55-4B0B-AF46-EE40219E3278}.Debug|Any CPU.Build.0 = Debug|Any CPU
		{62221D7D-BA55-4B0B-AF46-EE40219E3278}.Release|Any CPU.ActiveCfg = Release|Any CPU
		{62221D7D-BA55-4B0B-AF46-EE40219E3278}.Release|Any CPU.Build.0 = Release|Any CPU
	EndGlobalSection
	GlobalSection(SolutionProperties) = preSolution
		HideSolutionNode = FALSE
	EndGlobalSection
	GlobalSection(ExtensibilityGlobals) = postSolution
		SolutionGuid = {195E903E-5B79-45B5-9AE8-60686AF10AA0}
	EndGlobalSection
EndGlobal
