
Microsoft Visual Studio Solution File, Format Version 12.00
# Visual Studio Version 17
VisualStudioVersion = 17.1.32421.90
MinimumVisualStudioVersion = 10.0.40219.1
Project("{FAE04EC0-301F-11D3-BF4B-00C04F79EFBC}") = "SingletonPattern", "SingletonPattern.csproj", "{B9DF2D44-2561-4122-AAB4-37CF4D41A450}"
EndProject
Global
	GlobalSection(SolutionConfigurationPlatforms) = preSolution
		Debug|Any CPU = Debug|Any CPU
		Release|Any CPU = Release|Any CPU
	EndGlobalSection
	GlobalSection(ProjectConfigurationPlatforms) = postSolution
		{B9DF2D44-2561-4122-AAB4-37CF4D41A450}.Debug|Any CPU.ActiveCfg = Debug|Any CPU
		{B9DF2D44-2561-4122-AAB4-37CF4D41A450}.Debug|Any CPU.Build.0 = Debug|Any CPU
		{B9DF2D44-2561-4122-AAB4-37CF4D41A450}.Release|Any CPU.ActiveCfg = Release|Any CPU
		{B9DF2D44-2561-4122-AAB4-37CF4D41A450}.Release|Any CPU.Build.0 = Release|Any CPU
	EndGlobalSection
	GlobalSection(SolutionProperties) = preSolution
		HideSolutionNode = FALSE
	EndGlobalSection
	GlobalSection(ExtensibilityGlobals) = postSolution
		SolutionGuid = {2AE3A0D0-B16B-4219-B7F3-451D07D40632}
	EndGlobalSection
EndGlobal
